
Microsoft Visual Studio Solution File, Format Version 12.00
# Visual Studio Version 17
VisualStudioVersion = 17.11.35208.52
MinimumVisualStudioVersion = 10.0.40219.1
Project("{FAE04EC0-301F-11D3-BF4B-00C04F79EFBC}") = "ConstrutorNovamente", "ConstrutorNovamente\ConstrutorNovamente.csproj", "{AC4128C3-9EAC-4BAB-8B84-2C0C67AAADA5}"
EndProject
Global
	GlobalSection(SolutionConfigurationPlatforms) = preSolution
		Debug|Any CPU = Debug|Any CPU
		Release|Any CPU = Release|Any CPU
	EndGlobalSection
	GlobalSection(ProjectConfigurationPlatforms) = postSolution
		{AC4128C3-9EAC-4BAB-8B84-2C0C67AAADA5}.Debug|Any CPU.ActiveCfg = Debug|Any CPU
		{AC4128C3-9EAC-4BAB-8B84-2C0C67AAADA5}.Debug|Any CPU.Build.0 = Debug|Any CPU
		{AC4128C3-9EAC-4BAB-8B84-2C0C67AAADA5}.Release|Any CPU.ActiveCfg = Release|Any CPU
		{AC4128C3-9EAC-4BAB-8B84-2C0C67AAADA5}.Release|Any CPU.Build.0 = Release|Any CPU
	EndGlobalSection
	GlobalSection(SolutionProperties) = preSolution
		HideSolutionNode = FALSE
	EndGlobalSection
	GlobalSection(ExtensibilityGlobals) = postSolution
		SolutionGuid = {E3D27CF2-0951-4417-830F-95BEDB38CDA4}
	EndGlobalSection
EndGlobal
